
Microsoft Visual Studio Solution File, Format Version 12.00
# Visual Studio 14
VisualStudioVersion = 14.0.25420.1
MinimumVisualStudioVersion = 10.0.40219.1
Project("{FAE04EC0-301F-11D3-BF4B-00C04F79EFBC}") = "EC", "EC\EC.csproj", "{733DEFB5-0C35-4A78-8413-D2DDAA7A6E6A}"
EndProject
Project("{FAE04EC0-301F-11D3-BF4B-00C04F79EFBC}") = "Persistencia", "Persistencia\Persistencia.csproj", "{7A8D9BDF-6A00-4EEE-B585-787ECB3458F9}"
EndProject
Project("{FAE04EC0-301F-11D3-BF4B-00C04F79EFBC}") = "Logica", "Logica\Logica.csproj", "{7A6B8484-F7A6-45F7-AD88-86CB5A9DD5AE}"
EndProject
Project("{FAE04EC0-301F-11D3-BF4B-00C04F79EFBC}") = "ServLogisticosWCF", "ServLogisticosWCF\ServLogisticosWCF.csproj", "{ABFB996E-5BDE-4C39-883A-4ADFE6B1E265}"
EndProject
Global
	GlobalSection(SolutionConfigurationPlatforms) = preSolution
		Debug|Any CPU = Debug|Any CPU
		Release|Any CPU = Release|Any CPU
	EndGlobalSection
	GlobalSection(ProjectConfigurationPlatforms) = postSolution
		{733DEFB5-0C35-4A78-8413-D2DDAA7A6E6A}.Debug|Any CPU.ActiveCfg = Debug|Any CPU
		{733DEFB5-0C35-4A78-8413-D2DDAA7A6E6A}.Debug|Any CPU.Build.0 = Debug|Any CPU
		{733DEFB5-0C35-4A78-8413-D2DDAA7A6E6A}.Release|Any CPU.ActiveCfg = Release|Any CPU
		{733DEFB5-0C35-4A78-8413-D2DDAA7A6E6A}.Release|Any CPU.Build.0 = Release|Any CPU
		{7A8D9BDF-6A00-4EEE-B585-787ECB3458F9}.Debug|Any CPU.ActiveCfg = Debug|Any CPU
		{7A8D9BDF-6A00-4EEE-B585-787ECB3458F9}.Debug|Any CPU.Build.0 = Debug|Any CPU
		{7A8D9BDF-6A00-4EEE-B585-787ECB3458F9}.Release|Any CPU.ActiveCfg = Release|Any CPU
		{7A8D9BDF-6A00-4EEE-B585-787ECB3458F9}.Release|Any CPU.Build.0 = Release|Any CPU
		{7A6B8484-F7A6-45F7-AD88-86CB5A9DD5AE}.Debug|Any CPU.ActiveCfg = Debug|Any CPU
		{7A6B8484-F7A6-45F7-AD88-86CB5A9DD5AE}.Debug|Any CPU.Build.0 = Debug|Any CPU
		{7A6B8484-F7A6-45F7-AD88-86CB5A9DD5AE}.Release|Any CPU.ActiveCfg = Release|Any CPU
		{7A6B8484-F7A6-45F7-AD88-86CB5A9DD5AE}.Release|Any CPU.Build.0 = Release|Any CPU
		{ABFB996E-5BDE-4C39-883A-4ADFE6B1E265}.Debug|Any CPU.ActiveCfg = Debug|Any CPU
		{ABFB996E-5BDE-4C39-883A-4ADFE6B1E265}.Debug|Any CPU.Build.0 = Debug|Any CPU
		{ABFB996E-5BDE-4C39-883A-4ADFE6B1E265}.Release|Any CPU.ActiveCfg = Release|Any CPU
		{ABFB996E-5BDE-4C39-883A-4ADFE6B1E265}.Release|Any CPU.Build.0 = Release|Any CPU
	EndGlobalSection
	GlobalSection(SolutionProperties) = preSolution
		HideSolutionNode = FALSE
	EndGlobalSection
EndGlobal
